// !$*UTF8*$!
{
	archiveVersion = 1;
	classes = {
	};
	objectVersion = 56;
	objects = {

/* Begin PBXBuildFile section */
		4F3917A529C96B810056ED2B /* PhotoPickerCommon in Frameworks */ = {isa = PBXBuildFile; productRef = 4F3917A429C96B810056ED2B /* PhotoPickerCommon */; };
		4F3917A729C96B890056ED2B /* PhotoPickerCommon in Frameworks */ = {isa = PBXBuildFile; productRef = 4F3917A629C96B890056ED2B /* PhotoPickerCommon */; };
		4F45A77829CB006A00459656 /* PhotoPickerServiceView.swift in Sources */ = {isa = PBXBuildFile; fileRef = 4F45A77729CB006A00459656 /* PhotoPickerServiceView.swift */; };
		4F4E4FC829C968000046FF10 /* com.pookjw.PhotoPicker.Extension.appextensionpoint in Resources */ = {isa = PBXBuildFile; fileRef = 4F75BEC729C5CC2700C1F12E /* com.pookjw.PhotoPicker.Extension.appextensionpoint */; };
		4F75BEA829C5CAD300C1F12E /* PhotoPickerApp.swift in Sources */ = {isa = PBXBuildFile; fileRef = 4F75BEA729C5CAD300C1F12E /* PhotoPickerApp.swift */; };
		4F75BEAA29C5CAD300C1F12E /* ContentView.swift in Sources */ = {isa = PBXBuildFile; fileRef = 4F75BEA929C5CAD300C1F12E /* ContentView.swift */; };
		4F75BEAC29C5CAD400C1F12E /* Assets.xcassets in Resources */ = {isa = PBXBuildFile; fileRef = 4F75BEAB29C5CAD400C1F12E /* Assets.xcassets */; };
		4F75BEAF29C5CAD400C1F12E /* Preview Assets.xcassets in Resources */ = {isa = PBXBuildFile; fileRef = 4F75BEAE29C5CAD400C1F12E /* Preview Assets.xcassets */; };
		4F75BEBD29C5CBA700C1F12E /* PhotoPickerService.swift in Sources */ = {isa = PBXBuildFile; fileRef = 4F75BEBC29C5CBA700C1F12E /* PhotoPickerService.swift */; };
		4F75BECA29C5CE7200C1F12E /* PopoverView.swift in Sources */ = {isa = PBXBuildFile; fileRef = 4F75BEC929C5CE7200C1F12E /* PopoverView.swift */; };
		4F7DB13829C9F7FD001E9FA5 /* PhotoPickerXPCService.swift in Sources */ = {isa = PBXBuildFile; fileRef = 4F7DB13729C9F7FD001E9FA5 /* PhotoPickerXPCService.swift */; };
		4F7DB13A29C9F9D1001E9FA5 /* ExtensionDetailView.swift in Sources */ = {isa = PBXBuildFile; fileRef = 4F7DB13929C9F9D1001E9FA5 /* ExtensionDetailView.swift */; };
		4F7DB13C29C9F9EF001E9FA5 /* ExtensionDetailViewModel.swift in Sources */ = {isa = PBXBuildFile; fileRef = 4F7DB13B29C9F9EF001E9FA5 /* ExtensionDetailViewModel.swift */; };
		4F7DB14629CA0336001E9FA5 /* PhotoPickerServiceExtension.swift in Sources */ = {isa = PBXBuildFile; fileRef = 4F7DB14529CA0336001E9FA5 /* PhotoPickerServiceExtension.swift */; };
		4F7DB14829CA034D001E9FA5 /* PhotoPickerServiceObject.swift in Sources */ = {isa = PBXBuildFile; fileRef = 4F7DB14729CA034D001E9FA5 /* PhotoPickerServiceObject.swift */; };
		4F7DB14A29CA0376001E9FA5 /* PhotoPickerServiceConfiguration.swift in Sources */ = {isa = PBXBuildFile; fileRef = 4F7DB14929CA0376001E9FA5 /* PhotoPickerServiceConfiguration.swift */; };
		4FA2292729C5E91B00BF7ACF /* com.pookjw.PhotoPicker.Extension.appextensionpoint in CopyFiles */ = {isa = PBXBuildFile; fileRef = 4F75BEC729C5CC2700C1F12E /* com.pookjw.PhotoPicker.Extension.appextensionpoint */; settings = {ATTRIBUTES = (CodeSignOnCopy, ); }; };
		4FA229B929C6023C00BF7ACF /* PhotoPickerProviderApp.swift in Sources */ = {isa = PBXBuildFile; fileRef = 4FA229B829C6023C00BF7ACF /* PhotoPickerProviderApp.swift */; };
		4FA229BB29C6023C00BF7ACF /* ContentView.swift in Sources */ = {isa = PBXBuildFile; fileRef = 4FA229BA29C6023C00BF7ACF /* ContentView.swift */; };
		4FA229BD29C6023D00BF7ACF /* Assets.xcassets in Resources */ = {isa = PBXBuildFile; fileRef = 4FA229BC29C6023D00BF7ACF /* Assets.xcassets */; };
		4FA229C029C6023D00BF7ACF /* Preview Assets.xcassets in Resources */ = {isa = PBXBuildFile; fileRef = 4FA229BF29C6023D00BF7ACF /* Preview Assets.xcassets */; };
		4FA229C529C6024800BF7ACF /* PhotoPickerService.appex in Embed ExtensionKit Extensions */ = {isa = PBXBuildFile; fileRef = 4F75BEBA29C5CBA700C1F12E /* PhotoPickerService.appex */; settings = {ATTRIBUTES = (RemoveHeadersOnCopy, ); }; };
		4FA229CA29C6043600BF7ACF /* ExtensionsView.swift in Sources */ = {isa = PBXBuildFile; fileRef = 4FA229C929C6043600BF7ACF /* ExtensionsView.swift */; };
		4FA229CC29C6063A00BF7ACF /* ExtensionsViewModel.swift in Sources */ = {isa = PBXBuildFile; fileRef = 4FA229CB29C6063A00BF7ACF /* ExtensionsViewModel.swift */; };
		4FA229CE29C60A2400BF7ACF /* AppExtensionIdentity+Identifiable.swift in Sources */ = {isa = PBXBuildFile; fileRef = 4FA229CD29C60A2400BF7ACF /* AppExtensionIdentity+Identifiable.swift */; };
		4FC4EB0C29C86DDF00566B36 /* EXHostView.swift in Sources */ = {isa = PBXBuildFile; fileRef = 4FC4EB0B29C86DDF00566B36 /* EXHostView.swift */; };
		4FFFFB2829C5DE6500982201 /* EXAppExtensionBrowserView.swift in Sources */ = {isa = PBXBuildFile; fileRef = 4FFFFB2729C5DE6500982201 /* EXAppExtensionBrowserView.swift */; };
/* End PBXBuildFile section */

/* Begin PBXContainerItemProxy section */
		4FA229C629C6024800BF7ACF /* PBXContainerItemProxy */ = {
			isa = PBXContainerItemProxy;
			containerPortal = 4F75BE9C29C5CAD300C1F12E /* Project object */;
			proxyType = 1;
			remoteGlobalIDString = 4F75BEB929C5CBA700C1F12E;
			remoteInfo = PhotoPickerService;
		};
/* End PBXContainerItemProxy section */

/* Begin PBXCopyFilesBuildPhase section */
		4FA2292529C5E8EE00BF7ACF /* CopyFiles */ = {
			isa = PBXCopyFilesBuildPhase;
			buildActionMask = 2147483647;
			dstPath = "$(EXTENSIONS_FOLDER_PATH)";
			dstSubfolderSpec = 16;
			files = (
				4FA2292729C5E91B00BF7ACF /* com.pookjw.PhotoPicker.Extension.appextensionpoint in CopyFiles */,
			);
			runOnlyForDeploymentPostprocessing = 0;
		};
		4FA229C829C6024800BF7ACF /* Embed ExtensionKit Extensions */ = {
			isa = PBXCopyFilesBuildPhase;
			buildActionMask = 2147483647;
			dstPath = "$(EXTENSIONS_FOLDER_PATH)";
			dstSubfolderSpec = 16;
			files = (
				4FA229C529C6024800BF7ACF /* PhotoPickerService.appex in Embed ExtensionKit Extensions */,
			);
			name = "Embed ExtensionKit Extensions";
			runOnlyForDeploymentPostprocessing = 0;
		};
/* End PBXCopyFilesBuildPhase section */

/* Begin PBXFileReference section */
		4F45A77729CB006A00459656 /* PhotoPickerServiceView.swift */ = {isa = PBXFileReference; lastKnownFileType = sourcecode.swift; path = PhotoPickerServiceView.swift; sourceTree = "<group>"; };
		4F4E4FC229C960EE0046FF10 /* PhotoPicker-Bridging-Header.h */ = {isa = PBXFileReference; lastKnownFileType = sourcecode.c.h; path = "PhotoPicker-Bridging-Header.h"; sourceTree = "<group>"; };
		4F4E4FC929C9696A0046FF10 /* PhotoPickerCommon */ = {isa = PBXFileReference; lastKnownFileType = wrapper; path = PhotoPickerCommon; sourceTree = "<group>"; };
		4F75BEA429C5CAD300C1F12E /* PhotoPicker.app */ = {isa = PBXFileReference; explicitFileType = wrapper.application; includeInIndex = 0; path = PhotoPicker.app; sourceTree = BUILT_PRODUCTS_DIR; };
		4F75BEA729C5CAD300C1F12E /* PhotoPickerApp.swift */ = {isa = PBXFileReference; lastKnownFileType = sourcecode.swift; path = PhotoPickerApp.swift; sourceTree = "<group>"; };
		4F75BEA929C5CAD300C1F12E /* ContentView.swift */ = {isa = PBXFileReference; lastKnownFileType = sourcecode.swift; path = ContentView.swift; sourceTree = "<group>"; };
		4F75BEAB29C5CAD400C1F12E /* Assets.xcassets */ = {isa = PBXFileReference; lastKnownFileType = folder.assetcatalog; path = Assets.xcassets; sourceTree = "<group>"; };
		4F75BEAE29C5CAD400C1F12E /* Preview Assets.xcassets */ = {isa = PBXFileReference; lastKnownFileType = folder.assetcatalog; path = "Preview Assets.xcassets"; sourceTree = "<group>"; };
		4F75BEB029C5CAD400C1F12E /* PhotoPicker.entitlements */ = {isa = PBXFileReference; lastKnownFileType = text.plist.entitlements; path = PhotoPicker.entitlements; sourceTree = "<group>"; };
		4F75BEBA29C5CBA700C1F12E /* PhotoPickerService.appex */ = {isa = PBXFileReference; explicitFileType = "wrapper.extensionkit-extension"; includeInIndex = 0; path = PhotoPickerService.appex; sourceTree = BUILT_PRODUCTS_DIR; };
		4F75BEBC29C5CBA700C1F12E /* PhotoPickerService.swift */ = {isa = PBXFileReference; lastKnownFileType = sourcecode.swift; path = PhotoPickerService.swift; sourceTree = "<group>"; };
		4F75BEBE29C5CBA700C1F12E /* Info.plist */ = {isa = PBXFileReference; lastKnownFileType = text.plist.xml; path = Info.plist; sourceTree = "<group>"; };
		4F75BEBF29C5CBA700C1F12E /* PhotoPickerService.entitlements */ = {isa = PBXFileReference; lastKnownFileType = text.plist.entitlements; path = PhotoPickerService.entitlements; sourceTree = "<group>"; };
		4F75BEC729C5CC2700C1F12E /* com.pookjw.PhotoPicker.Extension.appextensionpoint */ = {isa = PBXFileReference; lastKnownFileType = text.xml; path = com.pookjw.PhotoPicker.Extension.appextensionpoint; sourceTree = "<group>"; };
		4F75BEC929C5CE7200C1F12E /* PopoverView.swift */ = {isa = PBXFileReference; lastKnownFileType = sourcecode.swift; path = PopoverView.swift; sourceTree = "<group>"; };
		4F7DB13729C9F7FD001E9FA5 /* PhotoPickerXPCService.swift */ = {isa = PBXFileReference; lastKnownFileType = sourcecode.swift; path = PhotoPickerXPCService.swift; sourceTree = "<group>"; };
		4F7DB13929C9F9D1001E9FA5 /* ExtensionDetailView.swift */ = {isa = PBXFileReference; lastKnownFileType = sourcecode.swift; path = ExtensionDetailView.swift; sourceTree = "<group>"; };
		4F7DB13B29C9F9EF001E9FA5 /* ExtensionDetailViewModel.swift */ = {isa = PBXFileReference; lastKnownFileType = sourcecode.swift; path = ExtensionDetailViewModel.swift; sourceTree = "<group>"; };
		4F7DB14529CA0336001E9FA5 /* PhotoPickerServiceExtension.swift */ = {isa = PBXFileReference; lastKnownFileType = sourcecode.swift; path = PhotoPickerServiceExtension.swift; sourceTree = "<group>"; };
		4F7DB14729CA034D001E9FA5 /* PhotoPickerServiceObject.swift */ = {isa = PBXFileReference; lastKnownFileType = sourcecode.swift; path = PhotoPickerServiceObject.swift; sourceTree = "<group>"; };
		4F7DB14929CA0376001E9FA5 /* PhotoPickerServiceConfiguration.swift */ = {isa = PBXFileReference; lastKnownFileType = sourcecode.swift; path = PhotoPickerServiceConfiguration.swift; sourceTree = "<group>"; };
		4FA229B629C6023C00BF7ACF /* PhotoPickerProvider.app */ = {isa = PBXFileReference; explicitFileType = wrapper.application; includeInIndex = 0; path = PhotoPickerProvider.app; sourceTree = BUILT_PRODUCTS_DIR; };
		4FA229B829C6023C00BF7ACF /* PhotoPickerProviderApp.swift */ = {isa = PBXFileReference; lastKnownFileType = sourcecode.swift; path = PhotoPickerProviderApp.swift; sourceTree = "<group>"; };
		4FA229BA29C6023C00BF7ACF /* ContentView.swift */ = {isa = PBXFileReference; lastKnownFileType = sourcecode.swift; path = ContentView.swift; sourceTree = "<group>"; };
		4FA229BC29C6023D00BF7ACF /* Assets.xcassets */ = {isa = PBXFileReference; lastKnownFileType = folder.assetcatalog; path = Assets.xcassets; sourceTree = "<group>"; };
		4FA229BF29C6023D00BF7ACF /* Preview Assets.xcassets */ = {isa = PBXFileReference; lastKnownFileType = folder.assetcatalog; path = "Preview Assets.xcassets"; sourceTree = "<group>"; };
		4FA229C129C6023D00BF7ACF /* PhotoPickerProvider.entitlements */ = {isa = PBXFileReference; lastKnownFileType = text.plist.entitlements; path = PhotoPickerProvider.entitlements; sourceTree = "<group>"; };
		4FA229C929C6043600BF7ACF /* ExtensionsView.swift */ = {isa = PBXFileReference; lastKnownFileType = sourcecode.swift; path = ExtensionsView.swift; sourceTree = "<group>"; };
		4FA229CB29C6063A00BF7ACF /* ExtensionsViewModel.swift */ = {isa = PBXFileReference; lastKnownFileType = sourcecode.swift; path = ExtensionsViewModel.swift; sourceTree = "<group>"; };
		4FA229CD29C60A2400BF7ACF /* AppExtensionIdentity+Identifiable.swift */ = {isa = PBXFileReference; lastKnownFileType = sourcecode.swift; path = "AppExtensionIdentity+Identifiable.swift"; sourceTree = "<group>"; };
		4FC4EB0B29C86DDF00566B36 /* EXHostView.swift */ = {isa = PBXFileReference; lastKnownFileType = sourcecode.swift; path = EXHostView.swift; sourceTree = "<group>"; };
		4FFFFB2729C5DE6500982201 /* EXAppExtensionBrowserView.swift */ = {isa = PBXFileReference; lastKnownFileType = sourcecode.swift; path = EXAppExtensionBrowserView.swift; sourceTree = "<group>"; };
/* End PBXFileReference section */

/* Begin PBXFrameworksBuildPhase section */
		4F75BEA129C5CAD300C1F12E /* Frameworks */ = {
			isa = PBXFrameworksBuildPhase;
			buildActionMask = 2147483647;
			files = (
				4F3917A729C96B890056ED2B /* PhotoPickerCommon in Frameworks */,
			);
			runOnlyForDeploymentPostprocessing = 0;
		};
		4F75BEB729C5CBA700C1F12E /* Frameworks */ = {
			isa = PBXFrameworksBuildPhase;
			buildActionMask = 2147483647;
			files = (
				4F3917A529C96B810056ED2B /* PhotoPickerCommon in Frameworks */,
			);
			runOnlyForDeploymentPostprocessing = 0;
		};
		4FA229B329C6023C00BF7ACF /* Frameworks */ = {
			isa = PBXFrameworksBuildPhase;
			buildActionMask = 2147483647;
			files = (
			);
			runOnlyForDeploymentPostprocessing = 0;
		};
/* End PBXFrameworksBuildPhase section */

/* Begin PBXGroup section */
		4F45A77929CB04C700459656 /* Views */ = {
			isa = PBXGroup;
			children = (
				4F45A77729CB006A00459656 /* PhotoPickerServiceView.swift */,
			);
			path = Views;
			sourceTree = "<group>";
		};
		4F75BE9B29C5CAD300C1F12E = {
			isa = PBXGroup;
			children = (
				4F4E4FC929C9696A0046FF10 /* PhotoPickerCommon */,
				4F75BEA629C5CAD300C1F12E /* PhotoPicker */,
				4FA229B729C6023C00BF7ACF /* PhotoPickerProvider */,
				4F75BEBB29C5CBA700C1F12E /* PhotoPickerService */,
				4F75BEA529C5CAD300C1F12E /* Products */,
				4FFFFB3C29C5E11D00982201 /* Frameworks */,
			);
			sourceTree = "<group>";
		};
		4F75BEA529C5CAD300C1F12E /* Products */ = {
			isa = PBXGroup;
			children = (
				4F75BEA429C5CAD300C1F12E /* PhotoPicker.app */,
				4F75BEBA29C5CBA700C1F12E /* PhotoPickerService.appex */,
				4FA229B629C6023C00BF7ACF /* PhotoPickerProvider.app */,
			);
			name = Products;
			sourceTree = "<group>";
		};
		4F75BEA629C5CAD300C1F12E /* PhotoPicker */ = {
			isa = PBXGroup;
			children = (
				4F7DB14429CA02F4001E9FA5 /* Application */,
				4F7DB14129CA02BB001E9FA5 /* Service */,
				4F7DB14229CA02C3001E9FA5 /* Resources */,
				4F7DB14029CA02AE001E9FA5 /* Extensions */,
				4F7DB14329CA02EC001E9FA5 /* Views */,
				4F75BEAD29C5CAD400C1F12E /* Preview Content */,
			);
			path = PhotoPicker;
			sourceTree = "<group>";
		};
		4F75BEAD29C5CAD400C1F12E /* Preview Content */ = {
			isa = PBXGroup;
			children = (
				4F75BEAE29C5CAD400C1F12E /* Preview Assets.xcassets */,
			);
			path = "Preview Content";
			sourceTree = "<group>";
		};
		4F75BEBB29C5CBA700C1F12E /* PhotoPickerService */ = {
			isa = PBXGroup;
			children = (
				4F45A77929CB04C700459656 /* Views */,
				4F7DB14529CA0336001E9FA5 /* PhotoPickerServiceExtension.swift */,
				4F7DB14729CA034D001E9FA5 /* PhotoPickerServiceObject.swift */,
				4F7DB14929CA0376001E9FA5 /* PhotoPickerServiceConfiguration.swift */,
				4F75BEBC29C5CBA700C1F12E /* PhotoPickerService.swift */,
				4F75BEBE29C5CBA700C1F12E /* Info.plist */,
				4F75BEBF29C5CBA700C1F12E /* PhotoPickerService.entitlements */,
			);
			path = PhotoPickerService;
			sourceTree = "<group>";
		};
		4F7DB13D29CA0292001E9FA5 /* ExtensionsView */ = {
			isa = PBXGroup;
			children = (
				4FA229C929C6043600BF7ACF /* ExtensionsView.swift */,
				4FA229CB29C6063A00BF7ACF /* ExtensionsViewModel.swift */,
			);
			path = ExtensionsView;
			sourceTree = "<group>";
		};
		4F7DB13E29CA029B001E9FA5 /* ExtensionDetailView */ = {
			isa = PBXGroup;
			children = (
				4F7DB13929C9F9D1001E9FA5 /* ExtensionDetailView.swift */,
				4F7DB13B29C9F9EF001E9FA5 /* ExtensionDetailViewModel.swift */,
			);
			path = ExtensionDetailView;
			sourceTree = "<group>";
		};
		4F7DB13F29CA02A5001E9FA5 /* Components */ = {
			isa = PBXGroup;
			children = (
				4FFFFB2729C5DE6500982201 /* EXAppExtensionBrowserView.swift */,
				4FC4EB0B29C86DDF00566B36 /* EXHostView.swift */,
				4F75BEC929C5CE7200C1F12E /* PopoverView.swift */,
			);
			path = Components;
			sourceTree = "<group>";
		};
		4F7DB14029CA02AE001E9FA5 /* Extensions */ = {
			isa = PBXGroup;
			children = (
				4FA229CD29C60A2400BF7ACF /* AppExtensionIdentity+Identifiable.swift */,
			);
			path = Extensions;
			sourceTree = "<group>";
		};
		4F7DB14129CA02BB001E9FA5 /* Service */ = {
			isa = PBXGroup;
			children = (
				4F7DB13729C9F7FD001E9FA5 /* PhotoPickerXPCService.swift */,
			);
			path = Service;
			sourceTree = "<group>";
		};
		4F7DB14229CA02C3001E9FA5 /* Resources */ = {
			isa = PBXGroup;
			children = (
				4F75BEAB29C5CAD400C1F12E /* Assets.xcassets */,
				4F75BEB029C5CAD400C1F12E /* PhotoPicker.entitlements */,
				4F75BEC729C5CC2700C1F12E /* com.pookjw.PhotoPicker.Extension.appextensionpoint */,
			);
			path = Resources;
			sourceTree = "<group>";
		};
		4F7DB14329CA02EC001E9FA5 /* Views */ = {
			isa = PBXGroup;
			children = (
				4F75BEA929C5CAD300C1F12E /* ContentView.swift */,
				4F7DB13F29CA02A5001E9FA5 /* Components */,
				4F7DB13D29CA0292001E9FA5 /* ExtensionsView */,
				4F7DB13E29CA029B001E9FA5 /* ExtensionDetailView */,
			);
			path = Views;
			sourceTree = "<group>";
		};
		4F7DB14429CA02F4001E9FA5 /* Application */ = {
			isa = PBXGroup;
			children = (
				4F4E4FC229C960EE0046FF10 /* PhotoPicker-Bridging-Header.h */,
				4F75BEA729C5CAD300C1F12E /* PhotoPickerApp.swift */,
			);
			path = Application;
			sourceTree = "<group>";
		};
		4FA229B729C6023C00BF7ACF /* PhotoPickerProvider */ = {
			isa = PBXGroup;
			children = (
				4FA229B829C6023C00BF7ACF /* PhotoPickerProviderApp.swift */,
				4FA229BA29C6023C00BF7ACF /* ContentView.swift */,
				4FA229BC29C6023D00BF7ACF /* Assets.xcassets */,
				4FA229C129C6023D00BF7ACF /* PhotoPickerProvider.entitlements */,
				4FA229BE29C6023D00BF7ACF /* Preview Content */,
			);
			path = PhotoPickerProvider;
			sourceTree = "<group>";
		};
		4FA229BE29C6023D00BF7ACF /* Preview Content */ = {
			isa = PBXGroup;
			children = (
				4FA229BF29C6023D00BF7ACF /* Preview Assets.xcassets */,
			);
			path = "Preview Content";
			sourceTree = "<group>";
		};
		4FFFFB3C29C5E11D00982201 /* Frameworks */ = {
			isa = PBXGroup;
			children = (
			);
			name = Frameworks;
			sourceTree = "<group>";
		};
/* End PBXGroup section */

/* Begin PBXNativeTarget section */
		4F75BEA329C5CAD300C1F12E /* PhotoPicker */ = {
			isa = PBXNativeTarget;
			buildConfigurationList = 4F75BEB329C5CAD400C1F12E /* Build configuration list for PBXNativeTarget "PhotoPicker" */;
			buildPhases = (
				4F75BEA029C5CAD300C1F12E /* Sources */,
				4F75BEA129C5CAD300C1F12E /* Frameworks */,
				4F75BEA229C5CAD300C1F12E /* Resources */,
				4FA2292529C5E8EE00BF7ACF /* CopyFiles */,
			);
			buildRules = (
			);
			dependencies = (
			);
			name = PhotoPicker;
			packageProductDependencies = (
				4F3917A629C96B890056ED2B /* PhotoPickerCommon */,
			);
			productName = PhotoPicker;
			productReference = 4F75BEA429C5CAD300C1F12E /* PhotoPicker.app */;
			productType = "com.apple.product-type.application";
		};
		4F75BEB929C5CBA700C1F12E /* PhotoPickerService */ = {
			isa = PBXNativeTarget;
			buildConfigurationList = 4F75BEC629C5CBA700C1F12E /* Build configuration list for PBXNativeTarget "PhotoPickerService" */;
			buildPhases = (
				4F75BEB629C5CBA700C1F12E /* Sources */,
				4F75BEB729C5CBA700C1F12E /* Frameworks */,
				4F75BEB829C5CBA700C1F12E /* Resources */,
			);
			buildRules = (
			);
			dependencies = (
			);
			name = PhotoPickerService;
			packageProductDependencies = (
				4F3917A429C96B810056ED2B /* PhotoPickerCommon */,
			);
			productName = PhotoPickerService;
			productReference = 4F75BEBA29C5CBA700C1F12E /* PhotoPickerService.appex */;
			productType = "com.apple.product-type.extensionkit-extension";
		};
		4FA229B529C6023C00BF7ACF /* PhotoPickerProvider */ = {
			isa = PBXNativeTarget;
			buildConfigurationList = 4FA229C229C6023D00BF7ACF /* Build configuration list for PBXNativeTarget "PhotoPickerProvider" */;
			buildPhases = (
				4FA229B229C6023C00BF7ACF /* Sources */,
				4FA229B329C6023C00BF7ACF /* Frameworks */,
				4FA229B429C6023C00BF7ACF /* Resources */,
				4FA229C829C6024800BF7ACF /* Embed ExtensionKit Extensions */,
			);
			buildRules = (
			);
			dependencies = (
				4FA229C729C6024800BF7ACF /* PBXTargetDependency */,
			);
			name = PhotoPickerProvider;
			productName = PhotoPickerProvider;
			productReference = 4FA229B629C6023C00BF7ACF /* PhotoPickerProvider.app */;
			productType = "com.apple.product-type.application";
		};
/* End PBXNativeTarget section */

/* Begin PBXProject section */
		4F75BE9C29C5CAD300C1F12E /* Project object */ = {
			isa = PBXProject;
			attributes = {
				BuildIndependentTargetsInParallel = 1;
				LastSwiftUpdateCheck = 1430;
				LastUpgradeCheck = 1430;
				TargetAttributes = {
					4F75BEA329C5CAD300C1F12E = {
						CreatedOnToolsVersion = 14.3;
						LastSwiftMigration = 1430;
					};
					4F75BEB929C5CBA700C1F12E = {
						CreatedOnToolsVersion = 14.3;
					};
					4FA229B529C6023C00BF7ACF = {
						CreatedOnToolsVersion = 14.3;
					};
				};
			};
			buildConfigurationList = 4F75BE9F29C5CAD300C1F12E /* Build configuration list for PBXProject "PhotoPicker" */;
			compatibilityVersion = "Xcode 14.0";
			developmentRegion = en;
			hasScannedForEncodings = 0;
			knownRegions = (
				en,
				Base,
			);
			mainGroup = 4F75BE9B29C5CAD300C1F12E;
			productRefGroup = 4F75BEA529C5CAD300C1F12E /* Products */;
			projectDirPath = "";
			projectRoot = "";
			targets = (
				4F75BEA329C5CAD300C1F12E /* PhotoPicker */,
				4FA229B529C6023C00BF7ACF /* PhotoPickerProvider */,
				4F75BEB929C5CBA700C1F12E /* PhotoPickerService */,
			);
		};
/* End PBXProject section */

/* Begin PBXResourcesBuildPhase section */
		4F75BEA229C5CAD300C1F12E /* Resources */ = {
			isa = PBXResourcesBuildPhase;
			buildActionMask = 2147483647;
			files = (
				4F75BEAF29C5CAD400C1F12E /* Preview Assets.xcassets in Resources */,
				4F4E4FC829C968000046FF10 /* com.pookjw.PhotoPicker.Extension.appextensionpoint in Resources */,
				4F75BEAC29C5CAD400C1F12E /* Assets.xcassets in Resources */,
			);
			runOnlyForDeploymentPostprocessing = 0;
		};
		4F75BEB829C5CBA700C1F12E /* Resources */ = {
			isa = PBXResourcesBuildPhase;
			buildActionMask = 2147483647;
			files = (
			);
			runOnlyForDeploymentPostprocessing = 0;
		};
		4FA229B429C6023C00BF7ACF /* Resources */ = {
			isa = PBXResourcesBuildPhase;
			buildActionMask = 2147483647;
			files = (
				4FA229C029C6023D00BF7ACF /* Preview Assets.xcassets in Resources */,
				4FA229BD29C6023D00BF7ACF /* Assets.xcassets in Resources */,
			);
			runOnlyForDeploymentPostprocessing = 0;
		};
/* End PBXResourcesBuildPhase section */

/* Begin PBXSourcesBuildPhase section */
		4F75BEA029C5CAD300C1F12E /* Sources */ = {
			isa = PBXSourcesBuildPhase;
			buildActionMask = 2147483647;
			files = (
				4F75BECA29C5CE7200C1F12E /* PopoverView.swift in Sources */,
				4F7DB13A29C9F9D1001E9FA5 /* ExtensionDetailView.swift in Sources */,
				4F7DB13829C9F7FD001E9FA5 /* PhotoPickerXPCService.swift in Sources */,
				4FA229CA29C6043600BF7ACF /* ExtensionsView.swift in Sources */,
				4F7DB13C29C9F9EF001E9FA5 /* ExtensionDetailViewModel.swift in Sources */,
				4FA229CE29C60A2400BF7ACF /* AppExtensionIdentity+Identifiable.swift in Sources */,
				4F75BEAA29C5CAD300C1F12E /* ContentView.swift in Sources */,
				4FFFFB2829C5DE6500982201 /* EXAppExtensionBrowserView.swift in Sources */,
				4FA229CC29C6063A00BF7ACF /* ExtensionsViewModel.swift in Sources */,
				4F75BEA829C5CAD300C1F12E /* PhotoPickerApp.swift in Sources */,
				4FC4EB0C29C86DDF00566B36 /* EXHostView.swift in Sources */,
			);
			runOnlyForDeploymentPostprocessing = 0;
		};
		4F75BEB629C5CBA700C1F12E /* Sources */ = {
			isa = PBXSourcesBuildPhase;
			buildActionMask = 2147483647;
			files = (
				4F7DB14829CA034D001E9FA5 /* PhotoPickerServiceObject.swift in Sources */,
				4F45A77829CB006A00459656 /* PhotoPickerServiceView.swift in Sources */,
				4F7DB14A29CA0376001E9FA5 /* PhotoPickerServiceConfiguration.swift in Sources */,
				4F7DB14629CA0336001E9FA5 /* PhotoPickerServiceExtension.swift in Sources */,
				4F75BEBD29C5CBA700C1F12E /* PhotoPickerService.swift in Sources */,
			);
			runOnlyForDeploymentPostprocessing = 0;
		};
		4FA229B229C6023C00BF7ACF /* Sources */ = {
			isa = PBXSourcesBuildPhase;
			buildActionMask = 2147483647;
			files = (
				4FA229BB29C6023C00BF7ACF /* ContentView.swift in Sources */,
				4FA229B929C6023C00BF7ACF /* PhotoPickerProviderApp.swift in Sources */,
			);
			runOnlyForDeploymentPostprocessing = 0;
		};
/* End PBXSourcesBuildPhase section */

/* Begin PBXTargetDependency section */
		4FA229C729C6024800BF7ACF /* PBXTargetDependency */ = {
			isa = PBXTargetDependency;
			target = 4F75BEB929C5CBA700C1F12E /* PhotoPickerService */;
			targetProxy = 4FA229C629C6024800BF7ACF /* PBXContainerItemProxy */;
		};
/* End PBXTargetDependency section */

/* Begin XCBuildConfiguration section */
		4F75BEB129C5CAD400C1F12E /* Debug */ = {
			isa = XCBuildConfiguration;
			buildSettings = {
				ALWAYS_SEARCH_USER_PATHS = NO;
				CLANG_ANALYZER_NONNULL = YES;
				CLANG_ANALYZER_NUMBER_OBJECT_CONVERSION = YES_AGGRESSIVE;
				CLANG_CXX_LANGUAGE_STANDARD = "gnu++20";
				CLANG_ENABLE_MODULES = YES;
				CLANG_ENABLE_OBJC_ARC = YES;
				CLANG_ENABLE_OBJC_WEAK = YES;
				CLANG_WARN_BLOCK_CAPTURE_AUTORELEASING = YES;
				CLANG_WARN_BOOL_CONVERSION = YES;
				CLANG_WARN_COMMA = YES;
				CLANG_WARN_CONSTANT_CONVERSION = YES;
				CLANG_WARN_DEPRECATED_OBJC_IMPLEMENTATIONS = YES;
				CLANG_WARN_DIRECT_OBJC_ISA_USAGE = YES_ERROR;
				CLANG_WARN_DOCUMENTATION_COMMENTS = YES;
				CLANG_WARN_EMPTY_BODY = YES;
				CLANG_WARN_ENUM_CONVERSION = YES;
				CLANG_WARN_INFINITE_RECURSION = YES;
				CLANG_WARN_INT_CONVERSION = YES;
				CLANG_WARN_NON_LITERAL_NULL_CONVERSION = YES;
				CLANG_WARN_OBJC_IMPLICIT_RETAIN_SELF = YES;
				CLANG_WARN_OBJC_LITERAL_CONVERSION = YES;
				CLANG_WARN_OBJC_ROOT_CLASS = YES_ERROR;
				CLANG_WARN_QUOTED_INCLUDE_IN_FRAMEWORK_HEADER = YES;
				CLANG_WARN_RANGE_LOOP_ANALYSIS = YES;
				CLANG_WARN_STRICT_PROTOTYPES = YES;
				CLANG_WARN_SUSPICIOUS_MOVE = YES;
				CLANG_WARN_UNGUARDED_AVAILABILITY = YES_AGGRESSIVE;
				CLANG_WARN_UNREACHABLE_CODE = YES;
				CLANG_WARN__DUPLICATE_METHOD_MATCH = YES;
				COPY_PHASE_STRIP = NO;
				DEBUG_INFORMATION_FORMAT = dwarf;
				ENABLE_STRICT_OBJC_MSGSEND = YES;
				ENABLE_TESTABILITY = YES;
				GCC_C_LANGUAGE_STANDARD = gnu11;
				GCC_DYNAMIC_NO_PIC = NO;
				GCC_NO_COMMON_BLOCKS = YES;
				GCC_OPTIMIZATION_LEVEL = 0;
				GCC_PREPROCESSOR_DEFINITIONS = (
					"DEBUG=1",
					"$(inherited)",
				);
				GCC_WARN_64_TO_32_BIT_CONVERSION = YES;
				GCC_WARN_ABOUT_RETURN_TYPE = YES_ERROR;
				GCC_WARN_UNDECLARED_SELECTOR = YES;
				GCC_WARN_UNINITIALIZED_AUTOS = YES_AGGRESSIVE;
				GCC_WARN_UNUSED_FUNCTION = YES;
				GCC_WARN_UNUSED_VARIABLE = YES;
				MACOSX_DEPLOYMENT_TARGET = 13.3;
				MTL_ENABLE_DEBUG_INFO = INCLUDE_SOURCE;
				MTL_FAST_MATH = YES;
				ONLY_ACTIVE_ARCH = YES;
				SDKROOT = macosx;
				SWIFT_ACTIVE_COMPILATION_CONDITIONS = DEBUG;
				SWIFT_OPTIMIZATION_LEVEL = "-Onone";
				SWIFT_STRICT_CONCURRENCY = complete;
			};
			name = Debug;
		};
		4F75BEB229C5CAD400C1F12E /* Release */ = {
			isa = XCBuildConfiguration;
			buildSettings = {
				ALWAYS_SEARCH_USER_PATHS = NO;
				CLANG_ANALYZER_NONNULL = YES;
				CLANG_ANALYZER_NUMBER_OBJECT_CONVERSION = YES_AGGRESSIVE;
				CLANG_CXX_LANGUAGE_STANDARD = "gnu++20";
				CLANG_ENABLE_MODULES = YES;
				CLANG_ENABLE_OBJC_ARC = YES;
				CLANG_ENABLE_OBJC_WEAK = YES;
				CLANG_WARN_BLOCK_CAPTURE_AUTORELEASING = YES;
				CLANG_WARN_BOOL_CONVERSION = YES;
				CLANG_WARN_COMMA = YES;
				CLANG_WARN_CONSTANT_CONVERSION = YES;
				CLANG_WARN_DEPRECATED_OBJC_IMPLEMENTATIONS = YES;
				CLANG_WARN_DIRECT_OBJC_ISA_USAGE = YES_ERROR;
				CLANG_WARN_DOCUMENTATION_COMMENTS = YES;
				CLANG_WARN_EMPTY_BODY = YES;
				CLANG_WARN_ENUM_CONVERSION = YES;
				CLANG_WARN_INFINITE_RECURSION = YES;
				CLANG_WARN_INT_CONVERSION = YES;
				CLANG_WARN_NON_LITERAL_NULL_CONVERSION = YES;
				CLANG_WARN_OBJC_IMPLICIT_RETAIN_SELF = YES;
				CLANG_WARN_OBJC_LITERAL_CONVERSION = YES;
				CLANG_WARN_OBJC_ROOT_CLASS = YES_ERROR;
				CLANG_WARN_QUOTED_INCLUDE_IN_FRAMEWORK_HEADER = YES;
				CLANG_WARN_RANGE_LOOP_ANALYSIS = YES;
				CLANG_WARN_STRICT_PROTOTYPES = YES;
				CLANG_WARN_SUSPICIOUS_MOVE = YES;
				CLANG_WARN_UNGUARDED_AVAILABILITY = YES_AGGRESSIVE;
				CLANG_WARN_UNREACHABLE_CODE = YES;
				CLANG_WARN__DUPLICATE_METHOD_MATCH = YES;
				COPY_PHASE_STRIP = NO;
				DEBUG_INFORMATION_FORMAT = "dwarf-with-dsym";
				ENABLE_NS_ASSERTIONS = NO;
				ENABLE_STRICT_OBJC_MSGSEND = YES;
				GCC_C_LANGUAGE_STANDARD = gnu11;
				GCC_NO_COMMON_BLOCKS = YES;
				GCC_WARN_64_TO_32_BIT_CONVERSION = YES;
				GCC_WARN_ABOUT_RETURN_TYPE = YES_ERROR;
				GCC_WARN_UNDECLARED_SELECTOR = YES;
				GCC_WARN_UNINITIALIZED_AUTOS = YES_AGGRESSIVE;
				GCC_WARN_UNUSED_FUNCTION = YES;
				GCC_WARN_UNUSED_VARIABLE = YES;
				MACOSX_DEPLOYMENT_TARGET = 13.3;
				MTL_ENABLE_DEBUG_INFO = NO;
				MTL_FAST_MATH = YES;
				SDKROOT = macosx;
				SWIFT_COMPILATION_MODE = wholemodule;
				SWIFT_OPTIMIZATION_LEVEL = "-O";
				SWIFT_STRICT_CONCURRENCY = complete;
			};
			name = Release;
		};
		4F75BEB429C5CAD400C1F12E /* Debug */ = {
			isa = XCBuildConfiguration;
			buildSettings = {
				ASSETCATALOG_COMPILER_APPICON_NAME = AppIcon;
				ASSETCATALOG_COMPILER_GLOBAL_ACCENT_COLOR_NAME = AccentColor;
				CLANG_ENABLE_MODULES = YES;
				CODE_SIGN_ENTITLEMENTS = PhotoPicker/Resources/PhotoPicker.entitlements;
				CODE_SIGN_STYLE = Automatic;
				COMBINE_HIDPI_IMAGES = YES;
				CURRENT_PROJECT_VERSION = 1;
				DEVELOPMENT_ASSET_PATHS = "\"PhotoPicker/Preview Content\"";
				DEVELOPMENT_TEAM = P53D29U9LJ;
				ENABLE_HARDENED_RUNTIME = YES;
				ENABLE_PREVIEWS = YES;
				GENERATE_INFOPLIST_FILE = YES;
				INFOPLIST_KEY_NSHumanReadableCopyright = "";
				LD_RUNPATH_SEARCH_PATHS = (
					"$(inherited)",
					"@executable_path/../Frameworks",
				);
				MARKETING_VERSION = 1.0;
				PRODUCT_BUNDLE_IDENTIFIER = com.pookjw.PhotoPicker;
				PRODUCT_NAME = "$(TARGET_NAME)";
				SWIFT_EMIT_LOC_STRINGS = YES;
				SWIFT_OBJC_BRIDGING_HEADER = "PhotoPicker/Application/PhotoPicker-Bridging-Header.h";
				SWIFT_OPTIMIZATION_LEVEL = "-Onone";
				SWIFT_VERSION = 5.0;
			};
			name = Debug;
		};
		4F75BEB529C5CAD400C1F12E /* Release */ = {
			isa = XCBuildConfiguration;
			buildSettings = {
				ASSETCATALOG_COMPILER_APPICON_NAME = AppIcon;
				ASSETCATALOG_COMPILER_GLOBAL_ACCENT_COLOR_NAME = AccentColor;
				CLANG_ENABLE_MODULES = YES;
				CODE_SIGN_ENTITLEMENTS = PhotoPicker/Resources/PhotoPicker.entitlements;
				CODE_SIGN_STYLE = Automatic;
				COMBINE_HIDPI_IMAGES = YES;
				CURRENT_PROJECT_VERSION = 1;
				DEVELOPMENT_ASSET_PATHS = "\"PhotoPicker/Preview Content\"";
				DEVELOPMENT_TEAM = P53D29U9LJ;
				ENABLE_HARDENED_RUNTIME = YES;
				ENABLE_PREVIEWS = YES;
				GENERATE_INFOPLIST_FILE = YES;
				INFOPLIST_KEY_NSHumanReadableCopyright = "";
				LD_RUNPATH_SEARCH_PATHS = (
					"$(inherited)",
					"@executable_path/../Frameworks",
				);
				MARKETING_VERSION = 1.0;
				PRODUCT_BUNDLE_IDENTIFIER = com.pookjw.PhotoPicker;
				PRODUCT_NAME = "$(TARGET_NAME)";
				SWIFT_EMIT_LOC_STRINGS = YES;
				SWIFT_OBJC_BRIDGING_HEADER = "PhotoPicker/Application/PhotoPicker-Bridging-Header.h";
				SWIFT_VERSION = 5.0;
			};
			name = Release;
		};
		4F75BEC429C5CBA700C1F12E /* Debug */ = {
			isa = XCBuildConfiguration;
			buildSettings = {
				CODE_SIGN_ENTITLEMENTS = PhotoPickerService/PhotoPickerService.entitlements;
				CODE_SIGN_STYLE = Automatic;
				CURRENT_PROJECT_VERSION = 1;
				DEVELOPMENT_TEAM = P53D29U9LJ;
				ENABLE_HARDENED_RUNTIME = YES;
				GENERATE_INFOPLIST_FILE = YES;
				INFOPLIST_FILE = PhotoPickerService/Info.plist;
				INFOPLIST_KEY_CFBundleDisplayName = PhotoPickerService;
				INFOPLIST_KEY_NSHumanReadableCopyright = "";
				LD_RUNPATH_SEARCH_PATHS = (
					"$(inherited)",
					"@executable_path/../Frameworks",
					"@executable_path/../../../../Frameworks",
				);
				MACOSX_DEPLOYMENT_TARGET = 13.0;
				MARKETING_VERSION = 1.0;
				PRODUCT_BUNDLE_IDENTIFIER = com.pookjw.PhotoPicker.Provider.Service;
				PRODUCT_NAME = "$(TARGET_NAME)";
				SKIP_INSTALL = YES;
				SWIFT_EMIT_LOC_STRINGS = YES;
				SWIFT_VERSION = 5.0;
			};
			name = Debug;
		};
		4F75BEC529C5CBA700C1F12E /* Release */ = {
			isa = XCBuildConfiguration;
			buildSettings = {
				CODE_SIGN_ENTITLEMENTS = PhotoPickerService/PhotoPickerService.entitlements;
				CODE_SIGN_STYLE = Automatic;
				CURRENT_PROJECT_VERSION = 1;
				DEVELOPMENT_TEAM = P53D29U9LJ;
				ENABLE_HARDENED_RUNTIME = YES;
				GENERATE_INFOPLIST_FILE = YES;
				INFOPLIST_FILE = PhotoPickerService/Info.plist;
				INFOPLIST_KEY_CFBundleDisplayName = PhotoPickerService;
				INFOPLIST_KEY_NSHumanReadableCopyright = "";
				LD_RUNPATH_SEARCH_PATHS = (
					"$(inherited)",
					"@executable_path/../Frameworks",
					"@executable_path/../../../../Frameworks",
				);
				MACOSX_DEPLOYMENT_TARGET = 13.0;
				MARKETING_VERSION = 1.0;
				PRODUCT_BUNDLE_IDENTIFIER = com.pookjw.PhotoPicker.Provider.Service;
				PRODUCT_NAME = "$(TARGET_NAME)";
				SKIP_INSTALL = YES;
				SWIFT_EMIT_LOC_STRINGS = YES;
				SWIFT_VERSION = 5.0;
			};
			name = Release;
		};
		4FA229C329C6023D00BF7ACF /* Debug */ = {
			isa = XCBuildConfiguration;
			buildSettings = {
				ASSETCATALOG_COMPILER_APPICON_NAME = AppIcon;
				ASSETCATALOG_COMPILER_GLOBAL_ACCENT_COLOR_NAME = AccentColor;
				CODE_SIGN_ENTITLEMENTS = PhotoPickerProvider/PhotoPickerProvider.entitlements;
				CODE_SIGN_STYLE = Automatic;
				COMBINE_HIDPI_IMAGES = YES;
				CURRENT_PROJECT_VERSION = 1;
				DEVELOPMENT_ASSET_PATHS = "\"PhotoPickerProvider/Preview Content\"";
				DEVELOPMENT_TEAM = P53D29U9LJ;
				ENABLE_HARDENED_RUNTIME = YES;
				ENABLE_PREVIEWS = YES;
				GENERATE_INFOPLIST_FILE = YES;
				INFOPLIST_KEY_NSHumanReadableCopyright = "";
				LD_RUNPATH_SEARCH_PATHS = (
					"$(inherited)",
					"@executable_path/../Frameworks",
				);
				MARKETING_VERSION = 1.0;
				PRODUCT_BUNDLE_IDENTIFIER = com.pookjw.PhotoPicker.Provider;
				PRODUCT_NAME = "$(TARGET_NAME)";
				SWIFT_EMIT_LOC_STRINGS = YES;
				SWIFT_VERSION = 5.0;
			};
			name = Debug;
		};
		4FA229C429C6023D00BF7ACF /* Release */ = {
			isa = XCBuildConfiguration;
			buildSettings = {
				ASSETCATALOG_COMPILER_APPICON_NAME = AppIcon;
				ASSETCATALOG_COMPILER_GLOBAL_ACCENT_COLOR_NAME = AccentColor;
				CODE_SIGN_ENTITLEMENTS = PhotoPickerProvider/PhotoPickerProvider.entitlements;
				CODE_SIGN_STYLE = Automatic;
				COMBINE_HIDPI_IMAGES = YES;
				CURRENT_PROJECT_VERSION = 1;
				DEVELOPMENT_ASSET_PATHS = "\"PhotoPickerProvider/Preview Content\"";
				DEVELOPMENT_TEAM = P53D29U9LJ;
				ENABLE_HARDENED_RUNTIME = YES;
				ENABLE_PREVIEWS = YES;
				GENERATE_INFOPLIST_FILE = YES;
				INFOPLIST_KEY_NSHumanReadableCopyright = "";
				LD_RUNPATH_SEARCH_PATHS = (
					"$(inherited)",
					"@executable_path/../Frameworks",
				);
				MARKETING_VERSION = 1.0;
				PRODUCT_BUNDLE_IDENTIFIER = com.pookjw.PhotoPicker.Provider;
				PRODUCT_NAME = "$(TARGET_NAME)";
				SWIFT_EMIT_LOC_STRINGS = YES;
				SWIFT_VERSION = 5.0;
			};
			name = Release;
		};
/* End XCBuildConfiguration section */

/* Begin XCConfigurationList section */
		4F75BE9F29C5CAD300C1F12E /* Build configuration list for PBXProject "PhotoPicker" */ = {
			isa = XCConfigurationList;
			buildConfigurations = (
				4F75BEB129C5CAD400C1F12E /* Debug */,
				4F75BEB229C5CAD400C1F12E /* Release */,
			);
			defaultConfigurationIsVisible = 0;
			defaultConfigurationName = Release;
		};
		4F75BEB329C5CAD400C1F12E /* Build configuration list for PBXNativeTarget "PhotoPicker" */ = {
			isa = XCConfigurationList;
			buildConfigurations = (
				4F75BEB429C5CAD400C1F12E /* Debug */,
				4F75BEB529C5CAD400C1F12E /* Release */,
			);
			defaultConfigurationIsVisible = 0;
			defaultConfigurationName = Release;
		};
		4F75BEC629C5CBA700C1F12E /* Build configuration list for PBXNativeTarget "PhotoPickerService" */ = {
			isa = XCConfigurationList;
			buildConfigurations = (
				4F75BEC429C5CBA700C1F12E /* Debug */,
				4F75BEC529C5CBA700C1F12E /* Release */,
			);
			defaultConfigurationIsVisible = 0;
			defaultConfigurationName = Release;
		};
		4FA229C229C6023D00BF7ACF /* Build configuration list for PBXNativeTarget "PhotoPickerProvider" */ = {
			isa = XCConfigurationList;
			buildConfigurations = (
				4FA229C329C6023D00BF7ACF /* Debug */,
				4FA229C429C6023D00BF7ACF /* Release */,
			);
			defaultConfigurationIsVisible = 0;
			defaultConfigurationName = Release;
		};
/* End XCConfigurationList section */

/* Begin XCSwiftPackageProductDependency section */
		4F3917A429C96B810056ED2B /* PhotoPickerCommon */ = {
			isa = XCSwiftPackageProductDependency;
			productName = PhotoPickerCommon;
		};
		4F3917A629C96B890056ED2B /* PhotoPickerCommon */ = {
			isa = XCSwiftPackageProductDependency;
			productName = PhotoPickerCommon;
		};
/* End XCSwiftPackageProductDependency section */
	};
	rootObject = 4F75BE9C29C5CAD300C1F12E /* Project object */;
}
